
Microsoft Visual Studio Solution File, Format Version 12.00
# Visual Studio Version 17
VisualStudioVersion = 17.3.32929.385
MinimumVisualStudioVersion = 10.0.40219.1
Project("{FAE04EC0-301F-11D3-BF4B-00C04F79EFBC}") = "Nhom777_QuanLyKhachSan", "Nhom777_QuanLyKhachSan\Nhom777_QuanLyKhachSan.csproj", "{9B543114-23F2-4BF8-ABD5-801B2469E5D6}"
EndProject
Global
	GlobalSection(SolutionConfigurationPlatforms) = preSolution
		Debug|Any CPU = Debug|Any CPU
		Release|Any CPU = Release|Any CPU
	EndGlobalSection
	GlobalSection(ProjectConfigurationPlatforms) = postSolution
		{9B543114-23F2-4BF8-ABD5-801B2469E5D6}.Debug|Any CPU.ActiveCfg = Debug|Any CPU
		{9B543114-23F2-4BF8-ABD5-801B2469E5D6}.Debug|Any CPU.Build.0 = Debug|Any CPU
		{9B543114-23F2-4BF8-ABD5-801B2469E5D6}.Release|Any CPU.ActiveCfg = Release|Any CPU
		{9B543114-23F2-4BF8-ABD5-801B2469E5D6}.Release|Any CPU.Build.0 = Release|Any CPU
	EndGlobalSection
	GlobalSection(SolutionProperties) = preSolution
		HideSolutionNode = FALSE
	EndGlobalSection
	GlobalSection(ExtensibilityGlobals) = postSolution
		SolutionGuid = {D047CE31-1070-4D77-80E5-E7D2F64B4185}
	EndGlobalSection
EndGlobal
